// !$*UTF8*$!
{
	archiveVersion = 1;
	classes = {
	};
	objectVersion = 50;
	objects = {

/* Begin PBXBuildFile section */
		10A8944225D1B1930007641B /* AppDelegate.swift in Sources */ = {isa = PBXBuildFile; fileRef = 10A8944125D1B1930007641B /* AppDelegate.swift */; };
		10A8944425D1B1930007641B /* SceneDelegate.swift in Sources */ = {isa = PBXBuildFile; fileRef = 10A8944325D1B1930007641B /* SceneDelegate.swift */; };
		10A8944625D1B1930007641B /* ViewController.swift in Sources */ = {isa = PBXBuildFile; fileRef = 10A8944525D1B1930007641B /* ViewController.swift */; };
		10A8944925D1B1930007641B /* Main.storyboard in Resources */ = {isa = PBXBuildFile; fileRef = 10A8944725D1B1930007641B /* Main.storyboard */; };
		10A8944C25D1B1930007641B /* _2Project.xcdatamodeld in Sources */ = {isa = PBXBuildFile; fileRef = 10A8944A25D1B1930007641B /* _2Project.xcdatamodeld */; };
		10A8944E25D1B1970007641B /* Assets.xcassets in Resources */ = {isa = PBXBuildFile; fileRef = 10A8944D25D1B1970007641B /* Assets.xcassets */; };
		10A8945125D1B1970007641B /* LaunchScreen.storyboard in Resources */ = {isa = PBXBuildFile; fileRef = 10A8944F25D1B1970007641B /* LaunchScreen.storyboard */; };
/* End PBXBuildFile section */

/* Begin PBXFileReference section */
		10A8943E25D1B1930007641B /* 22Project.app */ = {isa = PBXFileReference; explicitFileType = wrapper.application; includeInIndex = 0; path = 22Project.app; sourceTree = BUILT_PRODUCTS_DIR; };
		10A8944125D1B1930007641B /* AppDelegate.swift */ = {isa = PBXFileReference; lastKnownFileType = sourcecode.swift; path = AppDelegate.swift; sourceTree = "<group>"; };
		10A8944325D1B1930007641B /* SceneDelegate.swift */ = {isa = PBXFileReference; lastKnownFileType = sourcecode.swift; path = SceneDelegate.swift; sourceTree = "<group>"; };
		10A8944525D1B1930007641B /* ViewController.swift */ = {isa = PBXFileReference; lastKnownFileType = sourcecode.swift; path = ViewController.swift; sourceTree = "<group>"; };
		10A8944825D1B1930007641B /* Base */ = {isa = PBXFileReference; lastKnownFileType = file.storyboard; name = Base; path = Base.lproj/Main.storyboard; sourceTree = "<group>"; };
		10A8944B25D1B1930007641B /* _2Project.xcdatamodel */ = {isa = PBXFileReference; lastKnownFileType = wrapper.xcdatamodel; path = _2Project.xcdatamodel; sourceTree = "<group>"; };
		10A8944D25D1B1970007641B /* Assets.xcassets */ = {isa = PBXFileReference; lastKnownFileType = folder.assetcatalog; path = Assets.xcassets; sourceTree = "<group>"; };
		10A8945025D1B1970007641B /* Base */ = {isa = PBXFileReference; lastKnownFileType = file.storyboard; name = Base; path = Base.lproj/LaunchScreen.storyboard; sourceTree = "<group>"; };
		10A8945225D1B1970007641B /* Info.plist */ = {isa = PBXFileReference; lastKnownFileType = text.plist.xml; path = Info.plist; sourceTree = "<group>"; };
/* End PBXFileReference section */

/* Begin PBXFrameworksBuildPhase section */
		10A8943B25D1B1930007641B /* Frameworks */ = {
			isa = PBXFrameworksBuildPhase;
			buildActionMask = 2147483647;
			files = (
			);
			runOnlyForDeploymentPostprocessing = 0;
		};
/* End PBXFrameworksBuildPhase section */

/* Begin PBXGroup section */
		10A8943525D1B1930007641B = {
			isa = PBXGroup;
			children = (
				10A8944025D1B1930007641B /* 22Project */,
				10A8943F25D1B1930007641B /* Products */,
			);
			sourceTree = "<group>";
		};
		10A8943F25D1B1930007641B /* Products */ = {
			isa = PBXGroup;
			children = (
				10A8943E25D1B1930007641B /* 22Project.app */,
			);
			name = Products;
			sourceTree = "<group>";
		};
		10A8944025D1B1930007641B /* 22Project */ = {
			isa = PBXGroup;
			children = (
				10A8944125D1B1930007641B /* AppDelegate.swift */,
				10A8944325D1B1930007641B /* SceneDelegate.swift */,
				10A8944525D1B1930007641B /* ViewController.swift */,
				10A8944725D1B1930007641B /* Main.storyboard */,
				10A8944D25D1B1970007641B /* Assets.xcassets */,
				10A8944F25D1B1970007641B /* LaunchScreen.storyboard */,
				10A8945225D1B1970007641B /* Info.plist */,
				10A8944A25D1B1930007641B /* _2Project.xcdatamodeld */,
			);
			path = 22Project;
			sourceTree = "<group>";
		};
/* End PBXGroup section */

/* Begin PBXNativeTarget section */
		10A8943D25D1B1930007641B /* 22Project */ = {
			isa = PBXNativeTarget;
			buildConfigurationList = 10A8945525D1B1970007641B /* Build configuration list for PBXNativeTarget "22Project" */;
			buildPhases = (
				10A8943A25D1B1930007641B /* Sources */,
				10A8943B25D1B1930007641B /* Frameworks */,
				10A8943C25D1B1930007641B /* Resources */,
			);
			buildRules = (
			);
			dependencies = (
			);
			name = 22Project;
			productName = 22Project;
			productReference = 10A8943E25D1B1930007641B /* 22Project.app */;
			productType = "com.apple.product-type.application";
		};
/* End PBXNativeTarget section */

/* Begin PBXProject section */
		10A8943625D1B1930007641B /* Project object */ = {
			isa = PBXProject;
			attributes = {
				LastSwiftUpdateCheck = 1220;
				LastUpgradeCheck = 1220;
				TargetAttributes = {
					10A8943D25D1B1930007641B = {
						CreatedOnToolsVersion = 12.2;
					};
				};
			};
			buildConfigurationList = 10A8943925D1B1930007641B /* Build configuration list for PBXProject "22Project" */;
			compatibilityVersion = "Xcode 9.3";
			developmentRegion = en;
			hasScannedForEncodings = 0;
			knownRegions = (
				en,
				Base,
			);
			mainGroup = 10A8943525D1B1930007641B;
			productRefGroup = 10A8943F25D1B1930007641B /* Products */;
			projectDirPath = "";
			projectRoot = "";
			targets = (
				10A8943D25D1B1930007641B /* 22Project */,
			);
		};
/* End PBXProject section */

/* Begin PBXResourcesBuildPhase section */
		10A8943C25D1B1930007641B /* Resources */ = {
			isa = PBXResourcesBuildPhase;
			buildActionMask = 2147483647;
			files = (
				10A8945125D1B1970007641B /* LaunchScreen.storyboard in Resources */,
				10A8944E25D1B1970007641B /* Assets.xcassets in Resources */,
				10A8944925D1B1930007641B /* Main.storyboard in Resources */,
			);
			runOnlyForDeploymentPostprocessing = 0;
		};
/* End PBXResourcesBuildPhase section */

/* Begin PBXSourcesBuildPhase section */
		10A8943A25D1B1930007641B /* Sources */ = {
			isa = PBXSourcesBuildPhase;
			buildActionMask = 2147483647;
			files = (
				10A8944625D1B1930007641B /* ViewController.swift in Sources */,
				10A8944225D1B1930007641B /* AppDelegate.swift in Sources */,
				10A8944C25D1B1930007641B /* _2Project.xcdatamodeld in Sources */,
				10A8944425D1B1930007641B /* SceneDelegate.swift in Sources */,
			);
			runOnlyForDeploymentPostprocessing = 0;
		};
/* End PBXSourcesBuildPhase section */

/* Begin PBXVariantGroup section */
		10A8944725D1B1930007641B /* Main.storyboard */ = {
			isa = PBXVariantGroup;
			children = (
				10A8944825D1B1930007641B /* Base */,
			);
			name = Main.storyboard;
			sourceTree = "<group>";
		};
		10A8944F25D1B1970007641B /* LaunchScreen.storyboard */ = {
			isa = PBXVariantGroup;
			children = (
				10A8945025D1B1970007641B /* Base */,
			);
			name = LaunchScreen.storyboard;
			sourceTree = "<group>";
		};
/* End PBXVariantGroup section */

/* Begin XCBuildConfiguration section */
		10A8945325D1B1970007641B /* Debug */ = {
			isa = XCBuildConfiguration;
			buildSettings = {
				ALWAYS_SEARCH_USER_PATHS = NO;
				CLANG_ANALYZER_NONNULL = YES;
				CLANG_ANALYZER_NUMBER_OBJECT_CONVERSION = YES_AGGRESSIVE;
				CLANG_CXX_LANGUAGE_STANDARD = "gnu++14";
				CLANG_CXX_LIBRARY = "libc++";
				CLANG_ENABLE_MODULES = YES;
				CLANG_ENABLE_OBJC_ARC = YES;
				CLANG_ENABLE_OBJC_WEAK = YES;
				CLANG_WARN_BLOCK_CAPTURE_AUTORELEASING = YES;
				CLANG_WARN_BOOL_CONVERSION = YES;
				CLANG_WARN_COMMA = YES;
				CLANG_WARN_CONSTANT_CONVERSION = YES;
				CLANG_WARN_DEPRECATED_OBJC_IMPLEMENTATIONS = YES;
				CLANG_WARN_DIRECT_OBJC_ISA_USAGE = YES_ERROR;
				CLANG_WARN_DOCUMENTATION_COMMENTS = YES;
				CLANG_WARN_EMPTY_BODY = YES;
				CLANG_WARN_ENUM_CONVERSION = YES;
				CLANG_WARN_INFINITE_RECURSION = YES;
				CLANG_WARN_INT_CONVERSION = YES;
				CLANG_WARN_NON_LITERAL_NULL_CONVERSION = YES;
				CLANG_WARN_OBJC_IMPLICIT_RETAIN_SELF = YES;
				CLANG_WARN_OBJC_LITERAL_CONVERSION = YES;
				CLANG_WARN_OBJC_ROOT_CLASS = YES_ERROR;
				CLANG_WARN_QUOTED_INCLUDE_IN_FRAMEWORK_HEADER = YES;
				CLANG_WARN_RANGE_LOOP_ANALYSIS = YES;
				CLANG_WARN_STRICT_PROTOTYPES = YES;
				CLANG_WARN_SUSPICIOUS_MOVE = YES;
				CLANG_WARN_UNGUARDED_AVAILABILITY = YES_AGGRESSIVE;
				CLANG_WARN_UNREACHABLE_CODE = YES;
				CLANG_WARN__DUPLICATE_METHOD_MATCH = YES;
				COPY_PHASE_STRIP = NO;
				DEBUG_INFORMATION_FORMAT = dwarf;
				ENABLE_STRICT_OBJC_MSGSEND = YES;
				ENABLE_TESTABILITY = YES;
				GCC_C_LANGUAGE_STANDARD = gnu11;
				GCC_DYNAMIC_NO_PIC = NO;
				GCC_NO_COMMON_BLOCKS = YES;
				GCC_OPTIMIZATION_LEVEL = 0;
				GCC_PREPROCESSOR_DEFINITIONS = (
					"DEBUG=1",
					"$(inherited)",
				);
				GCC_WARN_64_TO_32_BIT_CONVERSION = YES;
				GCC_WARN_ABOUT_RETURN_TYPE = YES_ERROR;
				GCC_WARN_UNDECLARED_SELECTOR = YES;
				GCC_WARN_UNINITIALIZED_AUTOS = YES_AGGRESSIVE;
				GCC_WARN_UNUSED_FUNCTION = YES;
				GCC_WARN_UNUSED_VARIABLE = YES;
				IPHONEOS_DEPLOYMENT_TARGET = 14.2;
				MTL_ENABLE_DEBUG_INFO = INCLUDE_SOURCE;
				MTL_FAST_MATH = YES;
				ONLY_ACTIVE_ARCH = YES;
				SDKROOT = iphoneos;
				SWIFT_ACTIVE_COMPILATION_CONDITIONS = DEBUG;
				SWIFT_OPTIMIZATION_LEVEL = "-Onone";
			};
			name = Debug;
		};
		10A8945425D1B1970007641B /* Release */ = {
			isa = XCBuildConfiguration;
			buildSettings = {
				ALWAYS_SEARCH_USER_PATHS = NO;
				CLANG_ANALYZER_NONNULL = YES;
				CLANG_ANALYZER_NUMBER_OBJECT_CONVERSION = YES_AGGRESSIVE;
				CLANG_CXX_LANGUAGE_STANDARD = "gnu++14";
				CLANG_CXX_LIBRARY = "libc++";
				CLANG_ENABLE_MODULES = YES;
				CLANG_ENABLE_OBJC_ARC = YES;
				CLANG_ENABLE_OBJC_WEAK = YES;
				CLANG_WARN_BLOCK_CAPTURE_AUTORELEASING = YES;
				CLANG_WARN_BOOL_CONVERSION = YES;
				CLANG_WARN_COMMA = YES;
				CLANG_WARN_CONSTANT_CONVERSION = YES;
				CLANG_WARN_DEPRECATED_OBJC_IMPLEMENTATIONS = YES;
				CLANG_WARN_DIRECT_OBJC_ISA_USAGE = YES_ERROR;
				CLANG_WARN_DOCUMENTATION_COMMENTS = YES;
				CLANG_WARN_EMPTY_BODY = YES;
				CLANG_WARN_ENUM_CONVERSION = YES;
				CLANG_WARN_INFINITE_RECURSION = YES;
				CLANG_WARN_INT_CONVERSION = YES;
				CLANG_WARN_NON_LITERAL_NULL_CONVERSION = YES;
				CLANG_WARN_OBJC_IMPLICIT_RETAIN_SELF = YES;
				CLANG_WARN_OBJC_LITERAL_CONVERSION = YES;
				CLANG_WARN_OBJC_ROOT_CLASS = YES_ERROR;
				CLANG_WARN_QUOTED_INCLUDE_IN_FRAMEWORK_HEADER = YES;
				CLANG_WARN_RANGE_LOOP_ANALYSIS = YES;
				CLANG_WARN_STRICT_PROTOTYPES = YES;
				CLANG_WARN_SUSPICIOUS_MOVE = YES;
				CLANG_WARN_UNGUARDED_AVAILABILITY = YES_AGGRESSIVE;
				CLANG_WARN_UNREACHABLE_CODE = YES;
				CLANG_WARN__DUPLICATE_METHOD_MATCH = YES;
				COPY_PHASE_STRIP = NO;
				DEBUG_INFORMATION_FORMAT = "dwarf-with-dsym";
				ENABLE_NS_ASSERTIONS = NO;
				ENABLE_STRICT_OBJC_MSGSEND = YES;
				GCC_C_LANGUAGE_STANDARD = gnu11;
				GCC_NO_COMMON_BLOCKS = YES;
				GCC_WARN_64_TO_32_BIT_CONVERSION = YES;
				GCC_WARN_ABOUT_RETURN_TYPE = YES_ERROR;
				GCC_WARN_UNDECLARED_SELECTOR = YES;
				GCC_WARN_UNINITIALIZED_AUTOS = YES_AGGRESSIVE;
				GCC_WARN_UNUSED_FUNCTION = YES;
				GCC_WARN_UNUSED_VARIABLE = YES;
				IPHONEOS_DEPLOYMENT_TARGET = 14.2;
				MTL_ENABLE_DEBUG_INFO = NO;
				MTL_FAST_MATH = YES;
				SDKROOT = iphoneos;
				SWIFT_COMPILATION_MODE = wholemodule;
				SWIFT_OPTIMIZATION_LEVEL = "-O";
				VALIDATE_PRODUCT = YES;
			};
			name = Release;
		};
		10A8945625D1B1970007641B /* Debug */ = {
			isa = XCBuildConfiguration;
			buildSettings = {
				ASSETCATALOG_COMPILER_APPICON_NAME = AppIcon;
				ASSETCATALOG_COMPILER_GLOBAL_ACCENT_COLOR_NAME = AccentColor;
				CODE_SIGN_STYLE = Automatic;
				INFOPLIST_FILE = 22Project/Info.plist;
				LD_RUNPATH_SEARCH_PATHS = (
					"$(inherited)",
					"@executable_path/Frameworks",
				);
				PRODUCT_BUNDLE_IDENTIFIER = "com.hackingwithSwift.-2Project";
				PRODUCT_NAME = "$(TARGET_NAME)";
				SWIFT_VERSION = 5.0;
				TARGETED_DEVICE_FAMILY = "1,2";
			};
			name = Debug;
		};
		10A8945725D1B1970007641B /* Release */ = {
			isa = XCBuildConfiguration;
			buildSettings = {
				ASSETCATALOG_COMPILER_APPICON_NAME = AppIcon;
				ASSETCATALOG_COMPILER_GLOBAL_ACCENT_COLOR_NAME = AccentColor;
				CODE_SIGN_STYLE = Automatic;
				INFOPLIST_FILE = 22Project/Info.plist;
				LD_RUNPATH_SEARCH_PATHS = (
					"$(inherited)",
					"@executable_path/Frameworks",
				);
				PRODUCT_BUNDLE_IDENTIFIER = "com.hackingwithSwift.-2Project";
				PRODUCT_NAME = "$(TARGET_NAME)";
				SWIFT_VERSION = 5.0;
				TARGETED_DEVICE_FAMILY = "1,2";
			};
			name = Release;
		};
/* End XCBuildConfiguration section */

/* Begin XCConfigurationList section */
		10A8943925D1B1930007641B /* Build configuration list for PBXProject "22Project" */ = {
			isa = XCConfigurationList;
			buildConfigurations = (
				10A8945325D1B1970007641B /* Debug */,
				10A8945425D1B1970007641B /* Release */,
			);
			defaultConfigurationIsVisible = 0;
			defaultConfigurationName = Release;
		};
		10A8945525D1B1970007641B /* Build configuration list for PBXNativeTarget "22Project" */ = {
			isa = XCConfigurationList;
			buildConfigurations = (
				10A8945625D1B1970007641B /* Debug */,
				10A8945725D1B1970007641B /* Release */,
			);
			defaultConfigurationIsVisible = 0;
			defaultConfigurationName = Release;
		};
/* End XCConfigurationList section */

/* Begin XCVersionGroup section */
		10A8944A25D1B1930007641B /* _2Project.xcdatamodeld */ = {
			isa = XCVersionGroup;
			children = (
				10A8944B25D1B1930007641B /* _2Project.xcdatamodel */,
			);
			currentVersion = 10A8944B25D1B1930007641B /* _2Project.xcdatamodel */;
			path = _2Project.xcdatamodeld;
			sourceTree = "<group>";
			versionGroupType = wrapper.xcdatamodel;
		};
/* End XCVersionGroup section */
	};
	rootObject = 10A8943625D1B1930007641B /* Project object */;
}
